// !$*UTF8*$!
{
	archiveVersion = 1;
	classes = {
	};
	objectVersion = 48;
	objects = {

/* Begin PBXBuildFile section */
		65E8F6C22014395100122A7C /* AppDelegate.swift in Sources */ = {isa = PBXBuildFile; fileRef = 65E8F6C12014395100122A7C /* AppDelegate.swift */; };
		65E8F6C42014395100122A7C /* ViewController.swift in Sources */ = {isa = PBXBuildFile; fileRef = 65E8F6C32014395100122A7C /* ViewController.swift */; };
		65E8F6C72014395100122A7C /* Main.storyboard in Resources */ = {isa = PBXBuildFile; fileRef = 65E8F6C52014395100122A7C /* Main.storyboard */; };
		65E8F6C92014395100122A7C /* Assets.xcassets in Resources */ = {isa = PBXBuildFile; fileRef = 65E8F6C82014395100122A7C /* Assets.xcassets */; };
		65E8F6CC2014395100122A7C /* LaunchScreen.storyboard in Resources */ = {isa = PBXBuildFile; fileRef = 65E8F6CA2014395100122A7C /* LaunchScreen.storyboard */; };
		65E8F6D72014395100122A7C /* JRDoubleChromosphereTests.swift in Sources */ = {isa = PBXBuildFile; fileRef = 65E8F6D62014395100122A7C /* JRDoubleChromosphereTests.swift */; };
		65E8F6E22014395100122A7C /* JRDoubleChromosphereUITests.swift in Sources */ = {isa = PBXBuildFile; fileRef = 65E8F6E12014395100122A7C /* JRDoubleChromosphereUITests.swift */; };
/* End PBXBuildFile section */

/* Begin PBXContainerItemProxy section */
		65E8F6D32014395100122A7C /* PBXContainerItemProxy */ = {
			isa = PBXContainerItemProxy;
			containerPortal = 65E8F6B62014395000122A7C /* Project object */;
			proxyType = 1;
			remoteGlobalIDString = 65E8F6BD2014395100122A7C;
			remoteInfo = JRDoubleChromosphere;
		};
		65E8F6DE2014395100122A7C /* PBXContainerItemProxy */ = {
			isa = PBXContainerItemProxy;
			containerPortal = 65E8F6B62014395000122A7C /* Project object */;
			proxyType = 1;
			remoteGlobalIDString = 65E8F6BD2014395100122A7C;
			remoteInfo = JRDoubleChromosphere;
		};
/* End PBXContainerItemProxy section */

/* Begin PBXFileReference section */
		65E8F6BE2014395100122A7C /* JRDoubleChromosphere.app */ = {isa = PBXFileReference; explicitFileType = wrapper.application; includeInIndex = 0; path = JRDoubleChromosphere.app; sourceTree = BUILT_PRODUCTS_DIR; };
		65E8F6C12014395100122A7C /* AppDelegate.swift */ = {isa = PBXFileReference; lastKnownFileType = sourcecode.swift; path = AppDelegate.swift; sourceTree = "<group>"; };
		65E8F6C32014395100122A7C /* ViewController.swift */ = {isa = PBXFileReference; lastKnownFileType = sourcecode.swift; path = ViewController.swift; sourceTree = "<group>"; };
		65E8F6C62014395100122A7C /* Base */ = {isa = PBXFileReference; lastKnownFileType = file.storyboard; name = Base; path = Base.lproj/Main.storyboard; sourceTree = "<group>"; };
		65E8F6C82014395100122A7C /* Assets.xcassets */ = {isa = PBXFileReference; lastKnownFileType = folder.assetcatalog; path = Assets.xcassets; sourceTree = "<group>"; };
		65E8F6CB2014395100122A7C /* Base */ = {isa = PBXFileReference; lastKnownFileType = file.storyboard; name = Base; path = Base.lproj/LaunchScreen.storyboard; sourceTree = "<group>"; };
		65E8F6CD2014395100122A7C /* Info.plist */ = {isa = PBXFileReference; lastKnownFileType = text.plist.xml; path = Info.plist; sourceTree = "<group>"; };
		65E8F6D22014395100122A7C /* JRDoubleChromosphereTests.xctest */ = {isa = PBXFileReference; explicitFileType = wrapper.cfbundle; includeInIndex = 0; path = JRDoubleChromosphereTests.xctest; sourceTree = BUILT_PRODUCTS_DIR; };
		65E8F6D62014395100122A7C /* JRDoubleChromosphereTests.swift */ = {isa = PBXFileReference; lastKnownFileType = sourcecode.swift; path = JRDoubleChromosphereTests.swift; sourceTree = "<group>"; };
		65E8F6D82014395100122A7C /* Info.plist */ = {isa = PBXFileReference; lastKnownFileType = text.plist.xml; path = Info.plist; sourceTree = "<group>"; };
		65E8F6DD2014395100122A7C /* JRDoubleChromosphereUITests.xctest */ = {isa = PBXFileReference; explicitFileType = wrapper.cfbundle; includeInIndex = 0; path = JRDoubleChromosphereUITests.xctest; sourceTree = BUILT_PRODUCTS_DIR; };
		65E8F6E12014395100122A7C /* JRDoubleChromosphereUITests.swift */ = {isa = PBXFileReference; lastKnownFileType = sourcecode.swift; path = JRDoubleChromosphereUITests.swift; sourceTree = "<group>"; };
		65E8F6E32014395100122A7C /* Info.plist */ = {isa = PBXFileReference; lastKnownFileType = text.plist.xml; path = Info.plist; sourceTree = "<group>"; };
/* End PBXFileReference section */

/* Begin PBXFrameworksBuildPhase section */
		65E8F6BB2014395100122A7C /* Frameworks */ = {
			isa = PBXFrameworksBuildPhase;
			buildActionMask = 2147483647;
			files = (
			);
			runOnlyForDeploymentPostprocessing = 0;
		};
		65E8F6CF2014395100122A7C /* Frameworks */ = {
			isa = PBXFrameworksBuildPhase;
			buildActionMask = 2147483647;
			files = (
			);
			runOnlyForDeploymentPostprocessing = 0;
		};
		65E8F6DA2014395100122A7C /* Frameworks */ = {
			isa = PBXFrameworksBuildPhase;
			buildActionMask = 2147483647;
			files = (
			);
			runOnlyForDeploymentPostprocessing = 0;
		};
/* End PBXFrameworksBuildPhase section */

/* Begin PBXGroup section */
		65E8F6B52014395000122A7C = {
			isa = PBXGroup;
			children = (
				65E8F6C02014395100122A7C /* JRDoubleChromosphere */,
				65E8F6D52014395100122A7C /* JRDoubleChromosphereTests */,
				65E8F6E02014395100122A7C /* JRDoubleChromosphereUITests */,
				65E8F6BF2014395100122A7C /* Products */,
			);
			sourceTree = "<group>";
		};
		65E8F6BF2014395100122A7C /* Products */ = {
			isa = PBXGroup;
			children = (
				65E8F6BE2014395100122A7C /* JRDoubleChromosphere.app */,
				65E8F6D22014395100122A7C /* JRDoubleChromosphereTests.xctest */,
				65E8F6DD2014395100122A7C /* JRDoubleChromosphereUITests.xctest */,
			);
			name = Products;
			sourceTree = "<group>";
		};
		65E8F6C02014395100122A7C /* JRDoubleChromosphere */ = {
			isa = PBXGroup;
			children = (
				65E8F6C12014395100122A7C /* AppDelegate.swift */,
				65E8F6C32014395100122A7C /* ViewController.swift */,
				65E8F6C52014395100122A7C /* Main.storyboard */,
				65E8F6C82014395100122A7C /* Assets.xcassets */,
				65E8F6CA2014395100122A7C /* LaunchScreen.storyboard */,
				65E8F6CD2014395100122A7C /* Info.plist */,
			);
			path = JRDoubleChromosphere;
			sourceTree = "<group>";
		};
		65E8F6D52014395100122A7C /* JRDoubleChromosphereTests */ = {
			isa = PBXGroup;
			children = (
				65E8F6D62014395100122A7C /* JRDoubleChromosphereTests.swift */,
				65E8F6D82014395100122A7C /* Info.plist */,
			);
			path = JRDoubleChromosphereTests;
			sourceTree = "<group>";
		};
		65E8F6E02014395100122A7C /* JRDoubleChromosphereUITests */ = {
			isa = PBXGroup;
			children = (
				65E8F6E12014395100122A7C /* JRDoubleChromosphereUITests.swift */,
				65E8F6E32014395100122A7C /* Info.plist */,
			);
			path = JRDoubleChromosphereUITests;
			sourceTree = "<group>";
		};
/* End PBXGroup section */

/* Begin PBXNativeTarget section */
		65E8F6BD2014395100122A7C /* JRDoubleChromosphere */ = {
			isa = PBXNativeTarget;
			buildConfigurationList = 65E8F6E62014395100122A7C /* Build configuration list for PBXNativeTarget "JRDoubleChromosphere" */;
			buildPhases = (
				65E8F6BA2014395100122A7C /* Sources */,
				65E8F6BB2014395100122A7C /* Frameworks */,
				65E8F6BC2014395100122A7C /* Resources */,
			);
			buildRules = (
			);
			dependencies = (
			);
			name = JRDoubleChromosphere;
			productName = JRDoubleChromosphere;
			productReference = 65E8F6BE2014395100122A7C /* JRDoubleChromosphere.app */;
			productType = "com.apple.product-type.application";
		};
		65E8F6D12014395100122A7C /* JRDoubleChromosphereTests */ = {
			isa = PBXNativeTarget;
			buildConfigurationList = 65E8F6E92014395100122A7C /* Build configuration list for PBXNativeTarget "JRDoubleChromosphereTests" */;
			buildPhases = (
				65E8F6CE2014395100122A7C /* Sources */,
				65E8F6CF2014395100122A7C /* Frameworks */,
				65E8F6D02014395100122A7C /* Resources */,
			);
			buildRules = (
			);
			dependencies = (
				65E8F6D42014395100122A7C /* PBXTargetDependency */,
			);
			name = JRDoubleChromosphereTests;
			productName = JRDoubleChromosphereTests;
			productReference = 65E8F6D22014395100122A7C /* JRDoubleChromosphereTests.xctest */;
			productType = "com.apple.product-type.bundle.unit-test";
		};
		65E8F6DC2014395100122A7C /* JRDoubleChromosphereUITests */ = {
			isa = PBXNativeTarget;
			buildConfigurationList = 65E8F6EC2014395100122A7C /* Build configuration list for PBXNativeTarget "JRDoubleChromosphereUITests" */;
			buildPhases = (
				65E8F6D92014395100122A7C /* Sources */,
				65E8F6DA2014395100122A7C /* Frameworks */,
				65E8F6DB2014395100122A7C /* Resources */,
			);
			buildRules = (
			);
			dependencies = (
				65E8F6DF2014395100122A7C /* PBXTargetDependency */,
			);
			name = JRDoubleChromosphereUITests;
			productName = JRDoubleChromosphereUITests;
			productReference = 65E8F6DD2014395100122A7C /* JRDoubleChromosphereUITests.xctest */;
			productType = "com.apple.product-type.bundle.ui-testing";
		};
/* End PBXNativeTarget section */

/* Begin PBXProject section */
		65E8F6B62014395000122A7C /* Project object */ = {
			isa = PBXProject;
			attributes = {
				LastSwiftUpdateCheck = 0920;
				LastUpgradeCheck = 0920;
				ORGANIZATIONNAME = tulip;
				TargetAttributes = {
					65E8F6BD2014395100122A7C = {
						CreatedOnToolsVersion = 9.2;
						ProvisioningStyle = Automatic;
					};
					65E8F6D12014395100122A7C = {
						CreatedOnToolsVersion = 9.2;
						ProvisioningStyle = Automatic;
						TestTargetID = 65E8F6BD2014395100122A7C;
					};
					65E8F6DC2014395100122A7C = {
						CreatedOnToolsVersion = 9.2;
						ProvisioningStyle = Automatic;
						TestTargetID = 65E8F6BD2014395100122A7C;
					};
				};
			};
			buildConfigurationList = 65E8F6B92014395000122A7C /* Build configuration list for PBXProject "JRDoubleChromosphere" */;
			compatibilityVersion = "Xcode 8.0";
			developmentRegion = en;
			hasScannedForEncodings = 0;
			knownRegions = (
				en,
				Base,
			);
			mainGroup = 65E8F6B52014395000122A7C;
			productRefGroup = 65E8F6BF2014395100122A7C /* Products */;
			projectDirPath = "";
			projectRoot = "";
			targets = (
				65E8F6BD2014395100122A7C /* JRDoubleChromosphere */,
				65E8F6D12014395100122A7C /* JRDoubleChromosphereTests */,
				65E8F6DC2014395100122A7C /* JRDoubleChromosphereUITests */,
			);
		};
/* End PBXProject section */

/* Begin PBXResourcesBuildPhase section */
		65E8F6BC2014395100122A7C /* Resources */ = {
			isa = PBXResourcesBuildPhase;
			buildActionMask = 2147483647;
			files = (
				65E8F6CC2014395100122A7C /* LaunchScreen.storyboard in Resources */,
				65E8F6C92014395100122A7C /* Assets.xcassets in Resources */,
				65E8F6C72014395100122A7C /* Main.storyboard in Resources */,
			);
			runOnlyForDeploymentPostprocessing = 0;
		};
		65E8F6D02014395100122A7C /* Resources */ = {
			isa = PBXResourcesBuildPhase;
			buildActionMask = 2147483647;
			files = (
			);
			runOnlyForDeploymentPostprocessing = 0;
		};
		65E8F6DB2014395100122A7C /* Resources */ = {
			isa = PBXResourcesBuildPhase;
			buildActionMask = 2147483647;
			files = (
			);
			runOnlyForDeploymentPostprocessing = 0;
		};
/* End PBXResourcesBuildPhase section */

/* Begin PBXSourcesBuildPhase section */
		65E8F6BA2014395100122A7C /* Sources */ = {
			isa = PBXSourcesBuildPhase;
			buildActionMask = 2147483647;
			files = (
				65E8F6C42014395100122A7C /* ViewController.swift in Sources */,
				65E8F6C22014395100122A7C /* AppDelegate.swift in Sources */,
			);
			runOnlyForDeploymentPostprocessing = 0;
		};
		65E8F6CE2014395100122A7C /* Sources */ = {
			isa = PBXSourcesBuildPhase;
			buildActionMask = 2147483647;
			files = (
				65E8F6D72014395100122A7C /* JRDoubleChromosphereTests.swift in Sources */,
			);
			runOnlyForDeploymentPostprocessing = 0;
		};
		65E8F6D92014395100122A7C /* Sources */ = {
			isa = PBXSourcesBuildPhase;
			buildActionMask = 2147483647;
			files = (
				65E8F6E22014395100122A7C /* JRDoubleChromosphereUITests.swift in Sources */,
			);
			runOnlyForDeploymentPostprocessing = 0;
		};
/* End PBXSourcesBuildPhase section */

/* Begin PBXTargetDependency section */
		65E8F6D42014395100122A7C /* PBXTargetDependency */ = {
			isa = PBXTargetDependency;
			target = 65E8F6BD2014395100122A7C /* JRDoubleChromosphere */;
			targetProxy = 65E8F6D32014395100122A7C /* PBXContainerItemProxy */;
		};
		65E8F6DF2014395100122A7C /* PBXTargetDependency */ = {
			isa = PBXTargetDependency;
			target = 65E8F6BD2014395100122A7C /* JRDoubleChromosphere */;
			targetProxy = 65E8F6DE2014395100122A7C /* PBXContainerItemProxy */;
		};
/* End PBXTargetDependency section */

/* Begin PBXVariantGroup section */
		65E8F6C52014395100122A7C /* Main.storyboard */ = {
			isa = PBXVariantGroup;
			children = (
				65E8F6C62014395100122A7C /* Base */,
			);
			name = Main.storyboard;
			sourceTree = "<group>";
		};
		65E8F6CA2014395100122A7C /* LaunchScreen.storyboard */ = {
			isa = PBXVariantGroup;
			children = (
				65E8F6CB2014395100122A7C /* Base */,
			);
			name = LaunchScreen.storyboard;
			sourceTree = "<group>";
		};
/* End PBXVariantGroup section */

/* Begin XCBuildConfiguration section */
		65E8F6E42014395100122A7C /* Debug */ = {
			isa = XCBuildConfiguration;
			buildSettings = {
				ALWAYS_SEARCH_USER_PATHS = NO;
				CLANG_ANALYZER_NONNULL = YES;
				CLANG_ANALYZER_NUMBER_OBJECT_CONVERSION = YES_AGGRESSIVE;
				CLANG_CXX_LANGUAGE_STANDARD = "gnu++14";
				CLANG_CXX_LIBRARY = "libc++";
				CLANG_ENABLE_MODULES = YES;
				CLANG_ENABLE_OBJC_ARC = YES;
				CLANG_WARN_BLOCK_CAPTURE_AUTORELEASING = YES;
				CLANG_WARN_BOOL_CONVERSION = YES;
				CLANG_WARN_COMMA = YES;
				CLANG_WARN_CONSTANT_CONVERSION = YES;
				CLANG_WARN_DIRECT_OBJC_ISA_USAGE = YES_ERROR;
				CLANG_WARN_DOCUMENTATION_COMMENTS = YES;
				CLANG_WARN_EMPTY_BODY = YES;
				CLANG_WARN_ENUM_CONVERSION = YES;
				CLANG_WARN_INFINITE_RECURSION = YES;
				CLANG_WARN_INT_CONVERSION = YES;
				CLANG_WARN_NON_LITERAL_NULL_CONVERSION = YES;
				CLANG_WARN_OBJC_LITERAL_CONVERSION = YES;
				CLANG_WARN_OBJC_ROOT_CLASS = YES_ERROR;
				CLANG_WARN_RANGE_LOOP_ANALYSIS = YES;
				CLANG_WARN_STRICT_PROTOTYPES = YES;
				CLANG_WARN_SUSPICIOUS_MOVE = YES;
				CLANG_WARN_UNGUARDED_AVAILABILITY = YES_AGGRESSIVE;
				CLANG_WARN_UNREACHABLE_CODE = YES;
				CLANG_WARN__DUPLICATE_METHOD_MATCH = YES;
				CODE_SIGN_IDENTITY = "iPhone Developer";
				COPY_PHASE_STRIP = NO;
				DEBUG_INFORMATION_FORMAT = dwarf;
				ENABLE_STRICT_OBJC_MSGSEND = YES;
				ENABLE_TESTABILITY = YES;
				GCC_C_LANGUAGE_STANDARD = gnu11;
				GCC_DYNAMIC_NO_PIC = NO;
				GCC_NO_COMMON_BLOCKS = YES;
				GCC_OPTIMIZATION_LEVEL = 0;
				GCC_PREPROCESSOR_DEFINITIONS = (
					"DEBUG=1",
					"$(inherited)",
				);
				GCC_WARN_64_TO_32_BIT_CONVERSION = YES;
				GCC_WARN_ABOUT_RETURN_TYPE = YES_ERROR;
				GCC_WARN_UNDECLARED_SELECTOR = YES;
				GCC_WARN_UNINITIALIZED_AUTOS = YES_AGGRESSIVE;
				GCC_WARN_UNUSED_FUNCTION = YES;
				GCC_WARN_UNUSED_VARIABLE = YES;
				IPHONEOS_DEPLOYMENT_TARGET = 11.2;
				MTL_ENABLE_DEBUG_INFO = YES;
				ONLY_ACTIVE_ARCH = YES;
				SDKROOT = iphoneos;
				SWIFT_ACTIVE_COMPILATION_CONDITIONS = DEBUG;
				SWIFT_OPTIMIZATION_LEVEL = "-Onone";
			};
			name = Debug;
		};
		65E8F6E52014395100122A7C /* Release */ = {
			isa = XCBuildConfiguration;
			buildSettings = {
				ALWAYS_SEARCH_USER_PATHS = NO;
				CLANG_ANALYZER_NONNULL = YES;
				CLANG_ANALYZER_NUMBER_OBJECT_CONVERSION = YES_AGGRESSIVE;
				CLANG_CXX_LANGUAGE_STANDARD = "gnu++14";
				CLANG_CXX_LIBRARY = "libc++";
				CLANG_ENABLE_MODULES = YES;
				CLANG_ENABLE_OBJC_ARC = YES;
				CLANG_WARN_BLOCK_CAPTURE_AUTORELEASING = YES;
				CLANG_WARN_BOOL_CONVERSION = YES;
				CLANG_WARN_COMMA = YES;
				CLANG_WARN_CONSTANT_CONVERSION = YES;
				CLANG_WARN_DIRECT_OBJC_ISA_USAGE = YES_ERROR;
				CLANG_WARN_DOCUMENTATION_COMMENTS = YES;
				CLANG_WARN_EMPTY_BODY = YES;
				CLANG_WARN_ENUM_CONVERSION = YES;
				CLANG_WARN_INFINITE_RECURSION = YES;
				CLANG_WARN_INT_CONVERSION = YES;
				CLANG_WARN_NON_LITERAL_NULL_CONVERSION = YES;
				CLANG_WARN_OBJC_LITERAL_CONVERSION = YES;
				CLANG_WARN_OBJC_ROOT_CLASS = YES_ERROR;
				CLANG_WARN_RANGE_LOOP_ANALYSIS = YES;
				CLANG_WARN_STRICT_PROTOTYPES = YES;
				CLANG_WARN_SUSPICIOUS_MOVE = YES;
				CLANG_WARN_UNGUARDED_AVAILABILITY = YES_AGGRESSIVE;
				CLANG_WARN_UNREACHABLE_CODE = YES;
				CLANG_WARN__DUPLICATE_METHOD_MATCH = YES;
				CODE_SIGN_IDENTITY = "iPhone Developer";
				COPY_PHASE_STRIP = NO;
				DEBUG_INFORMATION_FORMAT = "dwarf-with-dsym";
				ENABLE_NS_ASSERTIONS = NO;
				ENABLE_STRICT_OBJC_MSGSEND = YES;
				GCC_C_LANGUAGE_STANDARD = gnu11;
				GCC_NO_COMMON_BLOCKS = YES;
				GCC_WARN_64_TO_32_BIT_CONVERSION = YES;
				GCC_WARN_ABOUT_RETURN_TYPE = YES_ERROR;
				GCC_WARN_UNDECLARED_SELECTOR = YES;
				GCC_WARN_UNINITIALIZED_AUTOS = YES_AGGRESSIVE;
				GCC_WARN_UNUSED_FUNCTION = YES;
				GCC_WARN_UNUSED_VARIABLE = YES;
				IPHONEOS_DEPLOYMENT_TARGET = 11.2;
				MTL_ENABLE_DEBUG_INFO = NO;
				SDKROOT = iphoneos;
				SWIFT_OPTIMIZATION_LEVEL = "-Owholemodule";
				VALIDATE_PRODUCT = YES;
			};
			name = Release;
		};
		65E8F6E72014395100122A7C /* Debug */ = {
			isa = XCBuildConfiguration;
			buildSettings = {
				ASSETCATALOG_COMPILER_APPICON_NAME = AppIcon;
				CODE_SIGN_STYLE = Automatic;
				DEVELOPMENT_TEAM = U532RMG6XX;
				INFOPLIST_FILE = JRDoubleChromosphere/Info.plist;
				LD_RUNPATH_SEARCH_PATHS = "$(inherited) @executable_path/Frameworks";
				PRODUCT_BUNDLE_IDENTIFIER = com.tulip.JRDoubleChromosphere;
				PRODUCT_NAME = "$(TARGET_NAME)";
				SWIFT_VERSION = 4.0;
				TARGETED_DEVICE_FAMILY = "1,2";
			};
			name = Debug;
		};
		65E8F6E82014395100122A7C /* Release */ = {
			isa = XCBuildConfiguration;
			buildSettings = {
				ASSETCATALOG_COMPILER_APPICON_NAME = AppIcon;
				CODE_SIGN_STYLE = Automatic;
				DEVELOPMENT_TEAM = U532RMG6XX;
				INFOPLIST_FILE = JRDoubleChromosphere/Info.plist;
				LD_RUNPATH_SEARCH_PATHS = "$(inherited) @executable_path/Frameworks";
				PRODUCT_BUNDLE_IDENTIFIER = com.tulip.JRDoubleChromosphere;
				PRODUCT_NAME = "$(TARGET_NAME)";
				SWIFT_VERSION = 4.0;
				TARGETED_DEVICE_FAMILY = "1,2";
			};
			name = Release;
		};
		65E8F6EA2014395100122A7C /* Debug */ = {
			isa = XCBuildConfiguration;
			buildSettings = {
				ALWAYS_EMBED_SWIFT_STANDARD_LIBRARIES = YES;
				BUNDLE_LOADER = "$(TEST_HOST)";
				CODE_SIGN_STYLE = Automatic;
				DEVELOPMENT_TEAM = U532RMG6XX;
				INFOPLIST_FILE = JRDoubleChromosphereTests/Info.plist;
				LD_RUNPATH_SEARCH_PATHS = "$(inherited) @executable_path/Frameworks @loader_path/Frameworks";
				PRODUCT_BUNDLE_IDENTIFIER = com.tulip.JRDoubleChromosphereTests;
				PRODUCT_NAME = "$(TARGET_NAME)";
				SWIFT_VERSION = 4.0;
				TARGETED_DEVICE_FAMILY = "1,2";
				TEST_HOST = "$(BUILT_PRODUCTS_DIR)/JRDoubleChromosphere.app/JRDoubleChromosphere";
			};
			name = Debug;
		};
		65E8F6EB2014395100122A7C /* Release */ = {
			isa = XCBuildConfiguration;
			buildSettings = {
				ALWAYS_EMBED_SWIFT_STANDARD_LIBRARIES = YES;
				BUNDLE_LOADER = "$(TEST_HOST)";
				CODE_SIGN_STYLE = Automatic;
				DEVELOPMENT_TEAM = U532RMG6XX;
				INFOPLIST_FILE = JRDoubleChromosphereTests/Info.plist;
				LD_RUNPATH_SEARCH_PATHS = "$(inherited) @executable_path/Frameworks @loader_path/Frameworks";
				PRODUCT_BUNDLE_IDENTIFIER = com.tulip.JRDoubleChromosphereTests;
				PRODUCT_NAME = "$(TARGET_NAME)";
				SWIFT_VERSION = 4.0;
				TARGETED_DEVICE_FAMILY = "1,2";
				TEST_HOST = "$(BUILT_PRODUCTS_DIR)/JRDoubleChromosphere.app/JRDoubleChromosphere";
			};
			name = Release;
		};
		65E8F6ED2014395100122A7C /* Debug */ = {
			isa = XCBuildConfiguration;
			buildSettings = {
				ALWAYS_EMBED_SWIFT_STANDARD_LIBRARIES = YES;
				CODE_SIGN_STYLE = Automatic;
				DEVELOPMENT_TEAM = U532RMG6XX;
				INFOPLIST_FILE = JRDoubleChromosphereUITests/Info.plist;
				LD_RUNPATH_SEARCH_PATHS = "$(inherited) @executable_path/Frameworks @loader_path/Frameworks";
				PRODUCT_BUNDLE_IDENTIFIER = com.tulip.JRDoubleChromosphereUITests;
				PRODUCT_NAME = "$(TARGET_NAME)";
				SWIFT_VERSION = 4.0;
				TARGETED_DEVICE_FAMILY = "1,2";
				TEST_TARGET_NAME = JRDoubleChromosphere;
			};
			name = Debug;
		};
		65E8F6EE2014395100122A7C /* Release */ = {
			isa = XCBuildConfiguration;
			buildSettings = {
				ALWAYS_EMBED_SWIFT_STANDARD_LIBRARIES = YES;
				CODE_SIGN_STYLE = Automatic;
				DEVELOPMENT_TEAM = U532RMG6XX;
				INFOPLIST_FILE = JRDoubleChromosphereUITests/Info.plist;
				LD_RUNPATH_SEARCH_PATHS = "$(inherited) @executable_path/Frameworks @loader_path/Frameworks";
				PRODUCT_BUNDLE_IDENTIFIER = com.tulip.JRDoubleChromosphereUITests;
				PRODUCT_NAME = "$(TARGET_NAME)";
				SWIFT_VERSION = 4.0;
				TARGETED_DEVICE_FAMILY = "1,2";
				TEST_TARGET_NAME = JRDoubleChromosphere;
			};
			name = Release;
		};
/* End XCBuildConfiguration section */

/* Begin XCConfigurationList section */
		65E8F6B92014395000122A7C /* Build configuration list for PBXProject "JRDoubleChromosphere" */ = {
			isa = XCConfigurationList;
			buildConfigurations = (
				65E8F6E42014395100122A7C /* Debug */,
				65E8F6E52014395100122A7C /* Release */,
			);
			defaultConfigurationIsVisible = 0;
			defaultConfigurationName = Release;
		};
		65E8F6E62014395100122A7C /* Build configuration list for PBXNativeTarget "JRDoubleChromosphere" */ = {
			isa = XCConfigurationList;
			buildConfigurations = (
				65E8F6E72014395100122A7C /* Debug */,
				65E8F6E82014395100122A7C /* Release */,
			);
			defaultConfigurationIsVisible = 0;
			defaultConfigurationName = Release;
		};
		65E8F6E92014395100122A7C /* Build configuration list for PBXNativeTarget "JRDoubleChromosphereTests" */ = {
			isa = XCConfigurationList;
			buildConfigurations = (
				65E8F6EA2014395100122A7C /* Debug */,
				65E8F6EB2014395100122A7C /* Release */,
			);
			defaultConfigurationIsVisible = 0;
			defaultConfigurationName = Release;
		};
		65E8F6EC2014395100122A7C /* Build configuration list for PBXNativeTarget "JRDoubleChromosphereUITests" */ = {
			isa = XCConfigurationList;
			buildConfigurations = (
				65E8F6ED2014395100122A7C /* Debug */,
				65E8F6EE2014395100122A7C /* Release */,
			);
			defaultConfigurationIsVisible = 0;
			defaultConfigurationName = Release;
		};
/* End XCConfigurationList section */
	};
	rootObject = 65E8F6B62014395000122A7C /* Project object */;
}
